{
  "name": "fuseki-shogi-web",
  "lockfileVersion": 3,
  "requires": true,
  "packages": {
    "": {
      "name": "fuseki-shogi-web",
      "license": "GPL-3.0-only",
      "dependencies": {
        "@mizarjp/yaneuraou.k-p": "^7.6.3-alpha.0",
        "shogiground": "^0.10.0",
        "shogiops": "^0.21.0"
      }
    },
    "node_modules/@badrap/result": {
      "version": "0.3.1",
      "resolved": "https://registry.npmjs.org/@badrap/result/-/result-0.3.1.tgz",
      "integrity": "sha512-ECvpsyZYknoRD0peG1K+UkX5llld3TyK1Ot9Cq2epSoWK19nyzpGKVl98sadSmohu5wHNuiDl+Ex9SVdcIjiFg==",
      "license": "MIT",
      "engines": {
        "node": ">= 22"
      }
    },
    "node_modules/@mizarjp/yaneuraou.k-p": {
      "version": "7.6.3-alpha.0",
      "resolved": "https://registry.npmjs.org/@mizarjp/yaneuraou.k-p/-/yaneuraou.k-p-7.6.3-alpha.0.tgz",
      "integrity": "sha512-mdvyrtoCkI6s2bLImTol3Jj7AYVs0RJ4KOrP2OVRn7oPedtKVBfkROTWHkGdwIQHCDIzFCGEG+oEzmvxauvFcg==",
      "license": "GPL-3.0",
      "bin": {
        "usi.k-p": "usi.k-p.js"
      }
    },
    "node_modules/shogiground": {
      "version": "0.10.3",
      "resolved": "https://registry.npmjs.org/shogiground/-/shogiground-0.10.3.tgz",
      "integrity": "sha512-MqMVjmQv+i9h3ISRk//FZ6pPYPNqq14ZtPGYw9qfkaCKReMkB39ogP5wnXynpLFtE7ja7RyiOpXeC1MZS8UAoA==",
      "license": "GPL-3.0-or-later",
      "funding": {
        "url": "https://lishogi.org/patron"
      }
    },
    "node_modules/shogiops": {
      "version": "0.21.0",
      "resolved": "https://registry.npmjs.org/shogiops/-/shogiops-0.21.0.tgz",
      "integrity": "sha512-1Mor5yI7RoeKCcTSW+mvq4Rr9VIZ3VHHF8G/RBV6lohIAnw0PJDwueNtLoO2fSiKCkJ5/NvzScRx4i+dQNq0CQ==",
      "license": "GPL-3.0-or-later",
      "dependencies": {
        "@badrap/result": "^0.3.1"
      },
      "engines": {
        "pnpm": ">=10.16.0"
      },
      "funding": {
        "url": "https://lishogi.org/patron"
      }
    }
  }
}
